
Microsoft Visual Studio Solution File, Format Version 12.00
# Visual Studio Version 17
VisualStudioVersion = 17.7.34009.444
MinimumVisualStudioVersion = 10.0.40219.1
Project("{9A19103F-16F7-4668-BE54-9A1E7A4F7556}") = "CabInvoiceGeneratorAppTest", "CabInvoiceGeneratorAppTest.csproj", "{8F4F55F1-A0A6-4C7D-B230-06468DEEACFD}"
EndProject
Project("{FAE04EC0-301F-11D3-BF4B-00C04F79EFBC}") = "CabInvoiceGeneratorApp", "..\CabInvoiceGeneratorApp\CabInvoiceGeneratorApp.csproj", "{D0CF3F2E-60B0-44E9-97A2-0C3F823CEA43}"
EndProject
Global
	GlobalSection(SolutionConfigurationPlatforms) = preSolution
		Debug|Any CPU = Debug|Any CPU
		Release|Any CPU = Release|Any CPU
	EndGlobalSection
	GlobalSection(ProjectConfigurationPlatforms) = postSolution
		{8F4F55F1-A0A6-4C7D-B230-06468DEEACFD}.Debug|Any CPU.ActiveCfg = Debug|Any CPU
		{8F4F55F1-A0A6-4C7D-B230-06468DEEACFD}.Debug|Any CPU.Build.0 = Debug|Any CPU
		{8F4F55F1-A0A6-4C7D-B230-06468DEEACFD}.Release|Any CPU.ActiveCfg = Release|Any CPU
		{8F4F55F1-A0A6-4C7D-B230-06468DEEACFD}.Release|Any CPU.Build.0 = Release|Any CPU
		{D0CF3F2E-60B0-44E9-97A2-0C3F823CEA43}.Debug|Any CPU.ActiveCfg = Debug|Any CPU
		{D0CF3F2E-60B0-44E9-97A2-0C3F823CEA43}.Debug|Any CPU.Build.0 = Debug|Any CPU
		{D0CF3F2E-60B0-44E9-97A2-0C3F823CEA43}.Release|Any CPU.ActiveCfg = Release|Any CPU
		{D0CF3F2E-60B0-44E9-97A2-0C3F823CEA43}.Release|Any CPU.Build.0 = Release|Any CPU
	EndGlobalSection
	GlobalSection(SolutionProperties) = preSolution
		HideSolutionNode = FALSE
	EndGlobalSection
	GlobalSection(ExtensibilityGlobals) = postSolution
		SolutionGuid = {8089B77D-64DA-4A67-AC62-D7B8D0CE534A}
	EndGlobalSection
EndGlobal
